
Microsoft Visual Studio Solution File, Format Version 12.00
# Visual Studio Version 16
VisualStudioVersion = 16.0.32106.194
MinimumVisualStudioVersion = 10.0.40219.1
Project("{FAE04EC0-301F-11D3-BF4B-00C04F79EFBC}") = "Ass_2", "Ass_2.csproj", "{EA98034F-84D8-4218-999A-209FDB2CCB44}"
EndProject
Global
	GlobalSection(SolutionConfigurationPlatforms) = preSolution
		Debug|Any CPU = Debug|Any CPU
		Release|Any CPU = Release|Any CPU
	EndGlobalSection
	GlobalSection(ProjectConfigurationPlatforms) = postSolution
		{EA98034F-84D8-4218-999A-209FDB2CCB44}.Debug|Any CPU.ActiveCfg = Debug|Any CPU
		{EA98034F-84D8-4218-999A-209FDB2CCB44}.Debug|Any CPU.Build.0 = Debug|Any CPU
		{EA98034F-84D8-4218-999A-209FDB2CCB44}.Release|Any CPU.ActiveCfg = Release|Any CPU
		{EA98034F-84D8-4218-999A-209FDB2CCB44}.Release|Any CPU.Build.0 = Release|Any CPU
	EndGlobalSection
	GlobalSection(SolutionProperties) = preSolution
		HideSolutionNode = FALSE
	EndGlobalSection
	GlobalSection(ExtensibilityGlobals) = postSolution
		SolutionGuid = {4F0DE59A-B112-4C8F-8B05-B193081842D2}
	EndGlobalSection
EndGlobal
